
Microsoft Visual Studio Solution File, Format Version 12.00
Project("{FAE04EC0-301F-11D3-BF4B-00C04F79EFBC}") = "Kyameru.Component.DynamoDB", "Implementation\Kyameru.Component.DynamoDB.csproj", "{631E0425-BF2F-44BB-8DE8-15F2C11F36AA}"
EndProject
Project("{2150E333-8FDC-42A3-9474-1A3956D46DE8}") = "Implementation", "Implementation", "{1A381CFD-CE17-4481-9E96-67DEDF36F641}"
EndProject
Project("{2150E333-8FDC-42A3-9474-1A3956D46DE8}") = "Tests", "Tests", "{6BCCB2ED-22C2-4CA5-BB8D-B8CFE9B2A2A5}"
EndProject
Project("{2150E333-8FDC-42A3-9474-1A3956D46DE8}") = "References", "References", "{ABE77A71-B744-478E-8D6C-788ADF4C7E8D}"
EndProject
Project("{FAE04EC0-301F-11D3-BF4B-00C04F79EFBC}") = "Kyameru.Core", "..\..\core\Kyameru.Core\Kyameru.Core.csproj", "{F266DEDE-B2A0-4B97-B00A-86950278BA23}"
EndProject
Project("{FAE04EC0-301F-11D3-BF4B-00C04F79EFBC}") = "Kyameru.Component.DynamoDB.IntegrationTests", "Tests\Integration\Kyameru.Component.DynamoDB.IntegrationTests.csproj", "{D47F57BA-5608-4E78-84AF-6FD593DB6983}"
EndProject
Project("{FAE04EC0-301F-11D3-BF4B-00C04F79EFBC}") = "Kyameru.Component.DynamoDB.Tests", "Tests\Unit\Kyameru.Component.DynamoDB.Tests.csproj", "{502C5C0D-2544-49DC-9D66-032B2CC8BF70}"
EndProject
Project("{FAE04EC0-301F-11D3-BF4B-00C04F79EFBC}") = "Kyameru.TestUtilities", "..\..\..\tests\Shared\Kyameru.TestUtilities\Kyameru.TestUtilities.csproj", "{6238CADF-29A7-4248-9C3D-CB6CDA2537C6}"
EndProject
Global
	GlobalSection(SolutionConfigurationPlatforms) = preSolution
		Debug|Any CPU = Debug|Any CPU
		Release|Any CPU = Release|Any CPU
	EndGlobalSection
	GlobalSection(ProjectConfigurationPlatforms) = postSolution
		{631E0425-BF2F-44BB-8DE8-15F2C11F36AA}.Debug|Any CPU.ActiveCfg = Debug|Any CPU
		{631E0425-BF2F-44BB-8DE8-15F2C11F36AA}.Debug|Any CPU.Build.0 = Debug|Any CPU
		{631E0425-BF2F-44BB-8DE8-15F2C11F36AA}.Release|Any CPU.ActiveCfg = Release|Any CPU
		{631E0425-BF2F-44BB-8DE8-15F2C11F36AA}.Release|Any CPU.Build.0 = Release|Any CPU
		{F266DEDE-B2A0-4B97-B00A-86950278BA23}.Debug|Any CPU.ActiveCfg = Debug|Any CPU
		{F266DEDE-B2A0-4B97-B00A-86950278BA23}.Debug|Any CPU.Build.0 = Debug|Any CPU
		{F266DEDE-B2A0-4B97-B00A-86950278BA23}.Release|Any CPU.ActiveCfg = Release|Any CPU
		{F266DEDE-B2A0-4B97-B00A-86950278BA23}.Release|Any CPU.Build.0 = Release|Any CPU
		{D47F57BA-5608-4E78-84AF-6FD593DB6983}.Debug|Any CPU.ActiveCfg = Debug|Any CPU
		{D47F57BA-5608-4E78-84AF-6FD593DB6983}.Debug|Any CPU.Build.0 = Debug|Any CPU
		{D47F57BA-5608-4E78-84AF-6FD593DB6983}.Release|Any CPU.ActiveCfg = Release|Any CPU
		{D47F57BA-5608-4E78-84AF-6FD593DB6983}.Release|Any CPU.Build.0 = Release|Any CPU
		{502C5C0D-2544-49DC-9D66-032B2CC8BF70}.Debug|Any CPU.ActiveCfg = Debug|Any CPU
		{502C5C0D-2544-49DC-9D66-032B2CC8BF70}.Debug|Any CPU.Build.0 = Debug|Any CPU
		{502C5C0D-2544-49DC-9D66-032B2CC8BF70}.Release|Any CPU.ActiveCfg = Release|Any CPU
		{502C5C0D-2544-49DC-9D66-032B2CC8BF70}.Release|Any CPU.Build.0 = Release|Any CPU
		{6238CADF-29A7-4248-9C3D-CB6CDA2537C6}.Debug|Any CPU.ActiveCfg = Debug|Any CPU
		{6238CADF-29A7-4248-9C3D-CB6CDA2537C6}.Debug|Any CPU.Build.0 = Debug|Any CPU
		{6238CADF-29A7-4248-9C3D-CB6CDA2537C6}.Release|Any CPU.ActiveCfg = Release|Any CPU
		{6238CADF-29A7-4248-9C3D-CB6CDA2537C6}.Release|Any CPU.Build.0 = Release|Any CPU
	EndGlobalSection
	GlobalSection(NestedProjects) = preSolution
		{631E0425-BF2F-44BB-8DE8-15F2C11F36AA} = {1A381CFD-CE17-4481-9E96-67DEDF36F641}
		{F266DEDE-B2A0-4B97-B00A-86950278BA23} = {ABE77A71-B744-478E-8D6C-788ADF4C7E8D}
		{D47F57BA-5608-4E78-84AF-6FD593DB6983} = {6BCCB2ED-22C2-4CA5-BB8D-B8CFE9B2A2A5}
		{502C5C0D-2544-49DC-9D66-032B2CC8BF70} = {6BCCB2ED-22C2-4CA5-BB8D-B8CFE9B2A2A5}
		{6238CADF-29A7-4248-9C3D-CB6CDA2537C6} = {6BCCB2ED-22C2-4CA5-BB8D-B8CFE9B2A2A5}
	EndGlobalSection
EndGlobal
