
Microsoft Visual Studio Solution File, Format Version 12.00
# Visual Studio Version 17
VisualStudioVersion = 17.0.31903.59
MinimumVisualStudioVersion = 10.0.40219.1
Project("{2150E333-8FDC-42A3-9474-1A3956D46DE8}") = "src", "src", "{331BA477-806B-4EEE-AF4F-FD7831D57CCB}"
EndProject
Project("{2150E333-8FDC-42A3-9474-1A3956D46DE8}") = "tests", "tests", "{C3ABC6CA-8034-4F0F-B33A-A6A183FDE644}"
EndProject
Project("{FAE04EC0-301F-11D3-BF4B-00C04F79EFBC}") = "Kyameru.Core", "..\..\core\Kyameru.Core\Kyameru.Core.csproj", "{2E1578C5-4451-4C6F-AE77-F09649FE1C6D}"
EndProject
Project("{FAE04EC0-301F-11D3-BF4B-00C04F79EFBC}") = "Kyameru.Component.SQS", "Implementation\Kyameru.Component.SQS.csproj", "{E193A88D-7FAC-4930-8A7D-31F7077ED1F5}"
EndProject
Project("{FAE04EC0-301F-11D3-BF4B-00C04F79EFBC}") = "Kyameru.Component.SQS.Tests", "Tests\Kyameru.Component.SQS.Tests.csproj", "{EBCEFF9B-D518-40AC-A8AA-25978F3ABDCB}"
EndProject
Project("{FAE04EC0-301F-11D3-BF4B-00C04F79EFBC}") = "Kyameru.Component.Faker", "..\Shared\Kyameru.Component.Faker\Kyameru.Component.Faker.csproj", "{6231AAF7-C145-4436-822A-485D0FFF3C26}"
EndProject
Global
	GlobalSection(SolutionConfigurationPlatforms) = preSolution
		Debug|Any CPU = Debug|Any CPU
		Release|Any CPU = Release|Any CPU
	EndGlobalSection
	GlobalSection(ProjectConfigurationPlatforms) = postSolution
		{2E1578C5-4451-4C6F-AE77-F09649FE1C6D}.Debug|Any CPU.ActiveCfg = Debug|Any CPU
		{2E1578C5-4451-4C6F-AE77-F09649FE1C6D}.Debug|Any CPU.Build.0 = Debug|Any CPU
		{2E1578C5-4451-4C6F-AE77-F09649FE1C6D}.Release|Any CPU.ActiveCfg = Release|Any CPU
		{2E1578C5-4451-4C6F-AE77-F09649FE1C6D}.Release|Any CPU.Build.0 = Release|Any CPU
		{E193A88D-7FAC-4930-8A7D-31F7077ED1F5}.Debug|Any CPU.ActiveCfg = Debug|Any CPU
		{E193A88D-7FAC-4930-8A7D-31F7077ED1F5}.Debug|Any CPU.Build.0 = Debug|Any CPU
		{E193A88D-7FAC-4930-8A7D-31F7077ED1F5}.Release|Any CPU.ActiveCfg = Release|Any CPU
		{E193A88D-7FAC-4930-8A7D-31F7077ED1F5}.Release|Any CPU.Build.0 = Release|Any CPU
		{EBCEFF9B-D518-40AC-A8AA-25978F3ABDCB}.Debug|Any CPU.ActiveCfg = Debug|Any CPU
		{EBCEFF9B-D518-40AC-A8AA-25978F3ABDCB}.Debug|Any CPU.Build.0 = Debug|Any CPU
		{EBCEFF9B-D518-40AC-A8AA-25978F3ABDCB}.Release|Any CPU.ActiveCfg = Release|Any CPU
		{EBCEFF9B-D518-40AC-A8AA-25978F3ABDCB}.Release|Any CPU.Build.0 = Release|Any CPU
		{6231AAF7-C145-4436-822A-485D0FFF3C26}.Debug|Any CPU.ActiveCfg = Debug|Any CPU
		{6231AAF7-C145-4436-822A-485D0FFF3C26}.Debug|Any CPU.Build.0 = Debug|Any CPU
		{6231AAF7-C145-4436-822A-485D0FFF3C26}.Release|Any CPU.ActiveCfg = Release|Any CPU
		{6231AAF7-C145-4436-822A-485D0FFF3C26}.Release|Any CPU.Build.0 = Release|Any CPU
	EndGlobalSection
	GlobalSection(SolutionProperties) = preSolution
		HideSolutionNode = FALSE
	EndGlobalSection
	GlobalSection(NestedProjects) = preSolution
		{2E1578C5-4451-4C6F-AE77-F09649FE1C6D} = {331BA477-806B-4EEE-AF4F-FD7831D57CCB}
		{E193A88D-7FAC-4930-8A7D-31F7077ED1F5} = {331BA477-806B-4EEE-AF4F-FD7831D57CCB}
		{EBCEFF9B-D518-40AC-A8AA-25978F3ABDCB} = {C3ABC6CA-8034-4F0F-B33A-A6A183FDE644}
		{6231AAF7-C145-4436-822A-485D0FFF3C26} = {C3ABC6CA-8034-4F0F-B33A-A6A183FDE644}
	EndGlobalSection
EndGlobal
