
Microsoft Visual Studio Solution File, Format Version 12.00
# Visual Studio Version 17
VisualStudioVersion = 17.0.31903.59
MinimumVisualStudioVersion = 10.0.40219.1
Project("{2150E333-8FDC-42A3-9474-1A3956D46DE8}") = "src", "src", "{827E0CD3-B72D-47B6-A68D-7590B98EB39B}"
EndProject
Project("{2150E333-8FDC-42A3-9474-1A3956D46DE8}") = "tests", "tests", "{0AB3BF05-4346-4AA6-1389-037BE0695223}"
EndProject
Project("{FAE04EC0-301F-11D3-BF4B-00C04F79EFBC}") = "Kyameru.Component.Rest", "Implementation\Kyameru.Component.Rest.csproj", "{0B9EA087-9603-4FF2-AC98-B39AC76C59D4}"
EndProject
Project("{FAE04EC0-301F-11D3-BF4B-00C04F79EFBC}") = "Kyameru.Component.Rest.Tests", "tests\Kyameru.Component.Rest.Tests.csproj", "{9AD31065-464C-42D9-8C1E-AFE1D9606753}"
EndProject
Project("{2150E333-8FDC-42A3-9474-1A3956D46DE8}") = "core", "core", "{FBF56CC3-7AE6-AD2D-3F14-7F97FD322CD6}"
EndProject
Project("{FAE04EC0-301F-11D3-BF4B-00C04F79EFBC}") = "Kyameru.Core", "..\..\core\Kyameru.Core\Kyameru.Core.csproj", "{DFF1106C-49B8-4FC3-ACC1-DFD1BB857D9C}"
EndProject
Global
	GlobalSection(SolutionConfigurationPlatforms) = preSolution
		Debug|Any CPU = Debug|Any CPU
		Release|Any CPU = Release|Any CPU
	EndGlobalSection
	GlobalSection(ProjectConfigurationPlatforms) = postSolution
		{0B9EA087-9603-4FF2-AC98-B39AC76C59D4}.Debug|Any CPU.ActiveCfg = Debug|Any CPU
		{0B9EA087-9603-4FF2-AC98-B39AC76C59D4}.Debug|Any CPU.Build.0 = Debug|Any CPU
		{0B9EA087-9603-4FF2-AC98-B39AC76C59D4}.Release|Any CPU.ActiveCfg = Release|Any CPU
		{0B9EA087-9603-4FF2-AC98-B39AC76C59D4}.Release|Any CPU.Build.0 = Release|Any CPU
		{9AD31065-464C-42D9-8C1E-AFE1D9606753}.Debug|Any CPU.ActiveCfg = Debug|Any CPU
		{9AD31065-464C-42D9-8C1E-AFE1D9606753}.Debug|Any CPU.Build.0 = Debug|Any CPU
		{9AD31065-464C-42D9-8C1E-AFE1D9606753}.Release|Any CPU.ActiveCfg = Release|Any CPU
		{9AD31065-464C-42D9-8C1E-AFE1D9606753}.Release|Any CPU.Build.0 = Release|Any CPU
		{DFF1106C-49B8-4FC3-ACC1-DFD1BB857D9C}.Debug|Any CPU.ActiveCfg = Debug|Any CPU
		{DFF1106C-49B8-4FC3-ACC1-DFD1BB857D9C}.Debug|Any CPU.Build.0 = Debug|Any CPU
		{DFF1106C-49B8-4FC3-ACC1-DFD1BB857D9C}.Release|Any CPU.ActiveCfg = Release|Any CPU
		{DFF1106C-49B8-4FC3-ACC1-DFD1BB857D9C}.Release|Any CPU.Build.0 = Release|Any CPU
	EndGlobalSection
	GlobalSection(SolutionProperties) = preSolution
		HideSolutionNode = FALSE
	EndGlobalSection
	GlobalSection(NestedProjects) = preSolution
		{0B9EA087-9603-4FF2-AC98-B39AC76C59D4} = {827E0CD3-B72D-47B6-A68D-7590B98EB39B}
		{9AD31065-464C-42D9-8C1E-AFE1D9606753} = {0AB3BF05-4346-4AA6-1389-037BE0695223}
		{DFF1106C-49B8-4FC3-ACC1-DFD1BB857D9C} = {FBF56CC3-7AE6-AD2D-3F14-7F97FD322CD6}
	EndGlobalSection
EndGlobal
