
Microsoft Visual Studio Solution File, Format Version 12.00
# Visual Studio Version 17
VisualStudioVersion = 17.0.31903.59
MinimumVisualStudioVersion = 10.0.40219.1
Project("{2150E333-8FDC-42A3-9474-1A3956D46DE8}") = "src", "src", "{827E0CD3-B72D-47B6-A68D-7590B98EB39B}"
EndProject
Project("{2150E333-8FDC-42A3-9474-1A3956D46DE8}") = "tests", "tests", "{0AB3BF05-4346-4AA6-1389-037BE0695223}"
EndProject
Project("{FAE04EC0-301F-11D3-BF4B-00C04F79EFBC}") = "Kyameru.Component.File.Tests", "Tests\Kyameru.Component.File.Tests.csproj", "{CF59CEDF-4CB8-43FE-A62A-87055007352B}"
EndProject
Project("{FAE04EC0-301F-11D3-BF4B-00C04F79EFBC}") = "Kyameru.Component.File", "Implementation\Kyameru.Component.File.csproj", "{4ABBAF0E-7822-4AD6-A2C7-FF49BDC6C636}"
EndProject
Project("{FAE04EC0-301F-11D3-BF4B-00C04F79EFBC}") = "Kyameru.Core", "..\..\core\Kyameru.Core\Kyameru.Core.csproj", "{718DF768-0BAD-4802-9B7B-560998C9FC19}"
EndProject
Project("{FAE04EC0-301F-11D3-BF4B-00C04F79EFBC}") = "Kyameru.TestUtilities", "..\..\..\tests\Shared\Kyameru.TestUtilities\Kyameru.TestUtilities.csproj", "{07D3B3C2-281D-4D52-8875-B61F63D70E80}"
EndProject
Global
	GlobalSection(SolutionConfigurationPlatforms) = preSolution
		Debug|Any CPU = Debug|Any CPU
		Release|Any CPU = Release|Any CPU
	EndGlobalSection
	GlobalSection(SolutionProperties) = preSolution
		HideSolutionNode = FALSE
	EndGlobalSection
	GlobalSection(ProjectConfigurationPlatforms) = postSolution
		{CF59CEDF-4CB8-43FE-A62A-87055007352B}.Debug|Any CPU.ActiveCfg = Debug|Any CPU
		{CF59CEDF-4CB8-43FE-A62A-87055007352B}.Debug|Any CPU.Build.0 = Debug|Any CPU
		{CF59CEDF-4CB8-43FE-A62A-87055007352B}.Release|Any CPU.ActiveCfg = Release|Any CPU
		{CF59CEDF-4CB8-43FE-A62A-87055007352B}.Release|Any CPU.Build.0 = Release|Any CPU
		{4ABBAF0E-7822-4AD6-A2C7-FF49BDC6C636}.Debug|Any CPU.ActiveCfg = Debug|Any CPU
		{4ABBAF0E-7822-4AD6-A2C7-FF49BDC6C636}.Debug|Any CPU.Build.0 = Debug|Any CPU
		{4ABBAF0E-7822-4AD6-A2C7-FF49BDC6C636}.Release|Any CPU.ActiveCfg = Release|Any CPU
		{4ABBAF0E-7822-4AD6-A2C7-FF49BDC6C636}.Release|Any CPU.Build.0 = Release|Any CPU
		{718DF768-0BAD-4802-9B7B-560998C9FC19}.Debug|Any CPU.ActiveCfg = Debug|Any CPU
		{718DF768-0BAD-4802-9B7B-560998C9FC19}.Debug|Any CPU.Build.0 = Debug|Any CPU
		{718DF768-0BAD-4802-9B7B-560998C9FC19}.Release|Any CPU.ActiveCfg = Release|Any CPU
		{718DF768-0BAD-4802-9B7B-560998C9FC19}.Release|Any CPU.Build.0 = Release|Any CPU
		{07D3B3C2-281D-4D52-8875-B61F63D70E80}.Debug|Any CPU.ActiveCfg = Debug|Any CPU
		{07D3B3C2-281D-4D52-8875-B61F63D70E80}.Debug|Any CPU.Build.0 = Debug|Any CPU
		{07D3B3C2-281D-4D52-8875-B61F63D70E80}.Release|Any CPU.ActiveCfg = Release|Any CPU
		{07D3B3C2-281D-4D52-8875-B61F63D70E80}.Release|Any CPU.Build.0 = Release|Any CPU
	EndGlobalSection
	GlobalSection(NestedProjects) = preSolution
		{CF59CEDF-4CB8-43FE-A62A-87055007352B} = {0AB3BF05-4346-4AA6-1389-037BE0695223}
		{4ABBAF0E-7822-4AD6-A2C7-FF49BDC6C636} = {827E0CD3-B72D-47B6-A68D-7590B98EB39B}
		{718DF768-0BAD-4802-9B7B-560998C9FC19} = {827E0CD3-B72D-47B6-A68D-7590B98EB39B}
		{07D3B3C2-281D-4D52-8875-B61F63D70E80} = {0AB3BF05-4346-4AA6-1389-037BE0695223}
	EndGlobalSection
EndGlobal
